
Microsoft Visual Studio Solution File, Format Version 12.00
# Visual Studio Version 17
VisualStudioVersion = 17.4.33403.182
MinimumVisualStudioVersion = 10.0.40219.1
Project("{FAE04EC0-301F-11D3-BF4B-00C04F79EFBC}") = "baseballcards", "baseballcards\baseballcards.csproj", "{C2E50932-D8D2-48CD-AC36-D928A54A29AA}"
EndProject
Global
	GlobalSection(SolutionConfigurationPlatforms) = preSolution
		Debug|Any CPU = Debug|Any CPU
		Release|Any CPU = Release|Any CPU
	EndGlobalSection
	GlobalSection(ProjectConfigurationPlatforms) = postSolution
		{C2E50932-D8D2-48CD-AC36-D928A54A29AA}.Debug|Any CPU.ActiveCfg = Debug|Any CPU
		{C2E50932-D8D2-48CD-AC36-D928A54A29AA}.Debug|Any CPU.Build.0 = Debug|Any CPU
		{C2E50932-D8D2-48CD-AC36-D928A54A29AA}.Release|Any CPU.ActiveCfg = Release|Any CPU
		{C2E50932-D8D2-48CD-AC36-D928A54A29AA}.Release|Any CPU.Build.0 = Release|Any CPU
	EndGlobalSection
	GlobalSection(SolutionProperties) = preSolution
		HideSolutionNode = FALSE
	EndGlobalSection
	GlobalSection(ExtensibilityGlobals) = postSolution
		SolutionGuid = {54DF14F5-7716-4BCC-9A5A-7F31BB066789}
	EndGlobalSection
EndGlobal
